
Microsoft Visual Studio Solution File, Format Version 12.00
# Visual Studio Version 17
VisualStudioVersion = 17.11.35222.181
MinimumVisualStudioVersion = 10.0.40219.1
Project("{9A19103F-16F7-4668-BE54-9A1E7A4F7556}") = "Gagebu Server", "Gagebu Server\Gagebu Server.csproj", "{6DF5FDF6-5C94-4A50-BC48-63682DD66EFE}"
EndProject
Project("{9A19103F-16F7-4668-BE54-9A1E7A4F7556}") = "GagebuShared", "..\Shared\GagebuShared\GagebuShared\GagebuShared.csproj", "{07DCCD0A-C870-46BB-9F67-3D89D64FA15E}"
EndProject
Global
	GlobalSection(SolutionConfigurationPlatforms) = preSolution
		Debug|Any CPU = Debug|Any CPU
		Release|Any CPU = Release|Any CPU
	EndGlobalSection
	GlobalSection(ProjectConfigurationPlatforms) = postSolution
		{6DF5FDF6-5C94-4A50-BC48-63682DD66EFE}.Debug|Any CPU.ActiveCfg = Debug|Any CPU
		{6DF5FDF6-5C94-4A50-BC48-63682DD66EFE}.Debug|Any CPU.Build.0 = Debug|Any CPU
		{6DF5FDF6-5C94-4A50-BC48-63682DD66EFE}.Release|Any CPU.ActiveCfg = Release|Any CPU
		{6DF5FDF6-5C94-4A50-BC48-63682DD66EFE}.Release|Any CPU.Build.0 = Release|Any CPU
		{07DCCD0A-C870-46BB-9F67-3D89D64FA15E}.Debug|Any CPU.ActiveCfg = Debug|Any CPU
		{07DCCD0A-C870-46BB-9F67-3D89D64FA15E}.Debug|Any CPU.Build.0 = Debug|Any CPU
		{07DCCD0A-C870-46BB-9F67-3D89D64FA15E}.Release|Any CPU.ActiveCfg = Release|Any CPU
		{07DCCD0A-C870-46BB-9F67-3D89D64FA15E}.Release|Any CPU.Build.0 = Release|Any CPU
	EndGlobalSection
	GlobalSection(SolutionProperties) = preSolution
		HideSolutionNode = FALSE
	EndGlobalSection
	GlobalSection(ExtensibilityGlobals) = postSolution
		SolutionGuid = {A99360F1-7465-491A-AAD5-CDDB64F31DA2}
	EndGlobalSection
EndGlobal
