
Microsoft Visual Studio Solution File, Format Version 12.00
# Visual Studio Version 17
VisualStudioVersion = 17.11.35222.181
MinimumVisualStudioVersion = 10.0.40219.1
Project("{FAE04EC0-301F-11D3-BF4B-00C04F79EFBC}") = "GagebuShared", "GagebuShared\GagebuShared.csproj", "{87A1CF88-2E20-4521-ABC2-ED4EFE4C5F5A}"
EndProject
Global
	GlobalSection(SolutionConfigurationPlatforms) = preSolution
		Debug|Any CPU = Debug|Any CPU
		Release|Any CPU = Release|Any CPU
	EndGlobalSection
	GlobalSection(ProjectConfigurationPlatforms) = postSolution
		{87A1CF88-2E20-4521-ABC2-ED4EFE4C5F5A}.Debug|Any CPU.ActiveCfg = Debug|Any CPU
		{87A1CF88-2E20-4521-ABC2-ED4EFE4C5F5A}.Debug|Any CPU.Build.0 = Debug|Any CPU
		{87A1CF88-2E20-4521-ABC2-ED4EFE4C5F5A}.Release|Any CPU.ActiveCfg = Release|Any CPU
		{87A1CF88-2E20-4521-ABC2-ED4EFE4C5F5A}.Release|Any CPU.Build.0 = Release|Any CPU
	EndGlobalSection
	GlobalSection(SolutionProperties) = preSolution
		HideSolutionNode = FALSE
	EndGlobalSection
	GlobalSection(ExtensibilityGlobals) = postSolution
		SolutionGuid = {7E84E805-ED07-4F36-ACFB-4942B92DACFD}
	EndGlobalSection
EndGlobal
